
Microsoft Visual Studio Solution File, Format Version 12.00
# Visual Studio Version 17
VisualStudioVersion = 17.4.33213.308
MinimumVisualStudioVersion = 10.0.40219.1
Project("{FAE04EC0-301F-11D3-BF4B-00C04F79EFBC}") = "Kudos", "Kudos\Kudos.csproj", "{0EE497F6-1B34-44A8-94E9-07C3452DA530}"
EndProject
Project("{FAE04EC0-301F-11D3-BF4B-00C04F79EFBC}") = "Kudos.Databases", "Kudos.Databases\Kudos.Databases.csproj", "{A6D56F0B-D942-4740-9FCA-F5CF883A48BA}"
EndProject
Project("{FAE04EC0-301F-11D3-BF4B-00C04F79EFBC}") = "Kudos.Servers", "Kudos.Servers\Kudos.Servers.csproj", "{5C6E82F2-C610-43A8-8221-5AA1B2F4B567}"
EndProject
Project("{FAE04EC0-301F-11D3-BF4B-00C04F79EFBC}") = "Kudos.Databases.ORMs", "Kudos.Databases.ORMs\Kudos.Databases.ORMs.csproj", "{F53B514F-5A79-4069-8BF0-6F16AAFB281F}"
EndProject
Project("{FAE04EC0-301F-11D3-BF4B-00C04F79EFBC}") = "Kudos.Validations", "Kudos.Validations\Kudos.Validations.csproj", "{0E9D8DFC-6AF9-48F4-9F4C-6786DC1673FC}"
EndProject
Project("{FAE04EC0-301F-11D3-BF4B-00C04F79EFBC}") = "Kudos.Crypters", "Kudos.Crypters\Kudos.Crypters.csproj", "{8334C561-F19E-4498-B24E-40F6A399A158}"
EndProject
Project("{FAE04EC0-301F-11D3-BF4B-00C04F79EFBC}") = "Kudos.Clouds", "Kudos.Clouds\Kudos.Clouds.csproj", "{8E475E5E-CFFC-4249-8FC6-95734CA90B22}"
EndProject
Project("{9344BDBB-3E7F-41FC-A0DD-8665D75EE146}") = "Kudos.Crypters.Symmetrics", "Kudos.Crypters.Symmetrics\Kudos.Crypters.Symmetrics.csproj", "{098EE702-15E3-42A5-A75A-540496E0668C}"
EndProject
Project("{9344BDBB-3E7F-41FC-A0DD-8665D75EE146}") = "Kudos.Mails", "Kudos.Mails\Kudos.Mails.csproj", "{17F1F319-BB62-445C-B2A0-DD6B1B9A2435}"
EndProject
Project("{9344BDBB-3E7F-41FC-A0DD-8665D75EE146}") = "Kudos.Web", "Kudos.Web\Kudos.Web.csproj", "{E4E6B287-D0D9-40FF-9297-67B3DB13927A}"
EndProject
Project("{9344BDBB-3E7F-41FC-A0DD-8665D75EE146}") = "Kudos.Crypters.Hashes.MACs", "Kudos.Crypters.Hashes.MACs\Kudos.Crypters.Hashes.MACs.csproj", "{717CEDA5-29BA-4221-B55D-D53D6F6BD0A2}"
EndProject
Project("{9344BDBB-3E7F-41FC-A0DD-8665D75EE146}") = "Kudos.Databases.ORMs.UnitTest", "Kudos.Databases.ORMs.UnitTest\Kudos.Databases.ORMs.UnitTest.csproj", "{847A1292-47C3-42ED-87C2-45E0EA83A5C0}"
EndProject
Project("{9344BDBB-3E7F-41FC-A0DD-8665D75EE146}") = "Kudos.Extensions", "Kudos.Extensions\Kudos.Extensions.csproj", "{AAC2EF54-011E-4025-8D6B-9E376FC7E641}"
EndProject
Project("{9344BDBB-3E7F-41FC-A0DD-8665D75EE146}") = "Kudos.Extensions.UnitTest", "Kudos.Extensions.UnitTest\Kudos.Extensions.UnitTest.csproj", "{A4178954-0F88-4444-B288-648FAF0FAD1A}"
EndProject
Project("{9344BDBB-3E7F-41FC-A0DD-8665D75EE146}") = "Kudos.Validations.UnitTests", "Kudos.Validations.UnitTests\Kudos.Validations.UnitTests.csproj", "{C03F8187-AD34-4A45-A0CE-A72C056E1704}"
EndProject
Global
	GlobalSection(SolutionConfigurationPlatforms) = preSolution
		Debug|Any CPU = Debug|Any CPU
		Release|Any CPU = Release|Any CPU
	EndGlobalSection
	GlobalSection(ProjectConfigurationPlatforms) = postSolution
		{0EE497F6-1B34-44A8-94E9-07C3452DA530}.Debug|Any CPU.ActiveCfg = Debug|Any CPU
		{0EE497F6-1B34-44A8-94E9-07C3452DA530}.Debug|Any CPU.Build.0 = Debug|Any CPU
		{0EE497F6-1B34-44A8-94E9-07C3452DA530}.Release|Any CPU.ActiveCfg = Release|Any CPU
		{0EE497F6-1B34-44A8-94E9-07C3452DA530}.Release|Any CPU.Build.0 = Release|Any CPU
		{A6D56F0B-D942-4740-9FCA-F5CF883A48BA}.Debug|Any CPU.ActiveCfg = Debug|Any CPU
		{A6D56F0B-D942-4740-9FCA-F5CF883A48BA}.Debug|Any CPU.Build.0 = Debug|Any CPU
		{A6D56F0B-D942-4740-9FCA-F5CF883A48BA}.Release|Any CPU.ActiveCfg = Release|Any CPU
		{A6D56F0B-D942-4740-9FCA-F5CF883A48BA}.Release|Any CPU.Build.0 = Release|Any CPU
		{5C6E82F2-C610-43A8-8221-5AA1B2F4B567}.Debug|Any CPU.ActiveCfg = Debug|Any CPU
		{5C6E82F2-C610-43A8-8221-5AA1B2F4B567}.Debug|Any CPU.Build.0 = Debug|Any CPU
		{5C6E82F2-C610-43A8-8221-5AA1B2F4B567}.Release|Any CPU.ActiveCfg = Release|Any CPU
		{5C6E82F2-C610-43A8-8221-5AA1B2F4B567}.Release|Any CPU.Build.0 = Release|Any CPU
		{F53B514F-5A79-4069-8BF0-6F16AAFB281F}.Debug|Any CPU.ActiveCfg = Debug|Any CPU
		{F53B514F-5A79-4069-8BF0-6F16AAFB281F}.Debug|Any CPU.Build.0 = Debug|Any CPU
		{F53B514F-5A79-4069-8BF0-6F16AAFB281F}.Release|Any CPU.ActiveCfg = Release|Any CPU
		{F53B514F-5A79-4069-8BF0-6F16AAFB281F}.Release|Any CPU.Build.0 = Release|Any CPU
		{0E9D8DFC-6AF9-48F4-9F4C-6786DC1673FC}.Debug|Any CPU.ActiveCfg = Debug|Any CPU
		{0E9D8DFC-6AF9-48F4-9F4C-6786DC1673FC}.Debug|Any CPU.Build.0 = Debug|Any CPU
		{0E9D8DFC-6AF9-48F4-9F4C-6786DC1673FC}.Release|Any CPU.ActiveCfg = Release|Any CPU
		{0E9D8DFC-6AF9-48F4-9F4C-6786DC1673FC}.Release|Any CPU.Build.0 = Release|Any CPU
		{8334C561-F19E-4498-B24E-40F6A399A158}.Debug|Any CPU.ActiveCfg = Debug|Any CPU
		{8334C561-F19E-4498-B24E-40F6A399A158}.Debug|Any CPU.Build.0 = Debug|Any CPU
		{8334C561-F19E-4498-B24E-40F6A399A158}.Release|Any CPU.ActiveCfg = Release|Any CPU
		{8334C561-F19E-4498-B24E-40F6A399A158}.Release|Any CPU.Build.0 = Release|Any CPU
		{8E475E5E-CFFC-4249-8FC6-95734CA90B22}.Debug|Any CPU.ActiveCfg = Debug|Any CPU
		{8E475E5E-CFFC-4249-8FC6-95734CA90B22}.Debug|Any CPU.Build.0 = Debug|Any CPU
		{8E475E5E-CFFC-4249-8FC6-95734CA90B22}.Release|Any CPU.ActiveCfg = Release|Any CPU
		{8E475E5E-CFFC-4249-8FC6-95734CA90B22}.Release|Any CPU.Build.0 = Release|Any CPU
		{098EE702-15E3-42A5-A75A-540496E0668C}.Debug|Any CPU.ActiveCfg = Debug|Any CPU
		{098EE702-15E3-42A5-A75A-540496E0668C}.Debug|Any CPU.Build.0 = Debug|Any CPU
		{098EE702-15E3-42A5-A75A-540496E0668C}.Release|Any CPU.ActiveCfg = Release|Any CPU
		{098EE702-15E3-42A5-A75A-540496E0668C}.Release|Any CPU.Build.0 = Release|Any CPU
		{17F1F319-BB62-445C-B2A0-DD6B1B9A2435}.Debug|Any CPU.ActiveCfg = Debug|Any CPU
		{17F1F319-BB62-445C-B2A0-DD6B1B9A2435}.Debug|Any CPU.Build.0 = Debug|Any CPU
		{17F1F319-BB62-445C-B2A0-DD6B1B9A2435}.Release|Any CPU.ActiveCfg = Release|Any CPU
		{17F1F319-BB62-445C-B2A0-DD6B1B9A2435}.Release|Any CPU.Build.0 = Release|Any CPU
		{E4E6B287-D0D9-40FF-9297-67B3DB13927A}.Debug|Any CPU.ActiveCfg = Debug|Any CPU
		{E4E6B287-D0D9-40FF-9297-67B3DB13927A}.Debug|Any CPU.Build.0 = Debug|Any CPU
		{E4E6B287-D0D9-40FF-9297-67B3DB13927A}.Release|Any CPU.ActiveCfg = Release|Any CPU
		{E4E6B287-D0D9-40FF-9297-67B3DB13927A}.Release|Any CPU.Build.0 = Release|Any CPU
		{717CEDA5-29BA-4221-B55D-D53D6F6BD0A2}.Debug|Any CPU.ActiveCfg = Debug|Any CPU
		{717CEDA5-29BA-4221-B55D-D53D6F6BD0A2}.Debug|Any CPU.Build.0 = Debug|Any CPU
		{717CEDA5-29BA-4221-B55D-D53D6F6BD0A2}.Release|Any CPU.ActiveCfg = Release|Any CPU
		{717CEDA5-29BA-4221-B55D-D53D6F6BD0A2}.Release|Any CPU.Build.0 = Release|Any CPU
		{847A1292-47C3-42ED-87C2-45E0EA83A5C0}.Debug|Any CPU.ActiveCfg = Debug|Any CPU
		{847A1292-47C3-42ED-87C2-45E0EA83A5C0}.Debug|Any CPU.Build.0 = Debug|Any CPU
		{847A1292-47C3-42ED-87C2-45E0EA83A5C0}.Release|Any CPU.ActiveCfg = Release|Any CPU
		{847A1292-47C3-42ED-87C2-45E0EA83A5C0}.Release|Any CPU.Build.0 = Release|Any CPU
		{AAC2EF54-011E-4025-8D6B-9E376FC7E641}.Debug|Any CPU.ActiveCfg = Debug|Any CPU
		{AAC2EF54-011E-4025-8D6B-9E376FC7E641}.Debug|Any CPU.Build.0 = Debug|Any CPU
		{AAC2EF54-011E-4025-8D6B-9E376FC7E641}.Release|Any CPU.ActiveCfg = Release|Any CPU
		{AAC2EF54-011E-4025-8D6B-9E376FC7E641}.Release|Any CPU.Build.0 = Release|Any CPU
		{A4178954-0F88-4444-B288-648FAF0FAD1A}.Debug|Any CPU.ActiveCfg = Debug|Any CPU
		{A4178954-0F88-4444-B288-648FAF0FAD1A}.Debug|Any CPU.Build.0 = Debug|Any CPU
		{A4178954-0F88-4444-B288-648FAF0FAD1A}.Release|Any CPU.ActiveCfg = Release|Any CPU
		{A4178954-0F88-4444-B288-648FAF0FAD1A}.Release|Any CPU.Build.0 = Release|Any CPU
		{C03F8187-AD34-4A45-A0CE-A72C056E1704}.Debug|Any CPU.ActiveCfg = Debug|Any CPU
		{C03F8187-AD34-4A45-A0CE-A72C056E1704}.Debug|Any CPU.Build.0 = Debug|Any CPU
		{C03F8187-AD34-4A45-A0CE-A72C056E1704}.Release|Any CPU.ActiveCfg = Release|Any CPU
		{C03F8187-AD34-4A45-A0CE-A72C056E1704}.Release|Any CPU.Build.0 = Release|Any CPU
	EndGlobalSection
	GlobalSection(SolutionProperties) = preSolution
		HideSolutionNode = FALSE
	EndGlobalSection
	GlobalSection(ExtensibilityGlobals) = postSolution
		SolutionGuid = {97A120C1-3855-4C28-95B2-1CDC0F557E7D}
	EndGlobalSection
EndGlobal
