
Microsoft Visual Studio Solution File, Format Version 12.00
# Visual Studio Version 17
VisualStudioVersion = 17.4.33213.308
MinimumVisualStudioVersion = 10.0.40219.1
Project("{9A19103F-16F7-4668-BE54-9A1E7A4F7556}") = "Kudos", "Kudos\Kudos.csproj", "{0EE497F6-1B34-44A8-94E9-07C3452DA530}"
EndProject
Project("{9A19103F-16F7-4668-BE54-9A1E7A4F7556}") = "Kudos.Databases", "Kudos.Databases\Kudos.Databases.csproj", "{A6D56F0B-D942-4740-9FCA-F5CF883A48BA}"
EndProject
Project("{9A19103F-16F7-4668-BE54-9A1E7A4F7556}") = "Kudos.Types", "Kudos.Types\Kudos.Types.csproj", "{6FF631E0-1296-42D5-8B7E-17E55EBCDA66}"
EndProject
Project("{9A19103F-16F7-4668-BE54-9A1E7A4F7556}") = "Kudos.Utils", "Kudos.Utils\Kudos.Utils.csproj", "{2B9DDCB1-FCA0-4D11-9E2E-49048846B27E}"
EndProject
Project("{9A19103F-16F7-4668-BE54-9A1E7A4F7556}") = "Kudos.Enums", "Kudos.Enums\Kudos.Enums.csproj", "{C88213A3-04CE-461B-8F05-BADC36F73E64}"
EndProject
Project("{9A19103F-16F7-4668-BE54-9A1E7A4F7556}") = "Kudos.Constants", "Kudos.Constants\Kudos.Constants.csproj", "{E02D5931-DC08-4F42-9AA4-A37C345FF747}"
EndProject
Project("{9A19103F-16F7-4668-BE54-9A1E7A4F7556}") = "Kudos.Databases.ORMs", "Kudos.Databases.ORMs\Kudos.Databases.ORMs.csproj", "{DDD36FDF-DB89-4C85-AD34-F0CE97202332}"
EndProject
Project("{9A19103F-16F7-4668-BE54-9A1E7A4F7556}") = "Kudos.Crypters", "Kudos.Crypters\Kudos.Crypters.csproj", "{4B28EAE0-F9A4-4026-A5AB-144F6E9DBEC9}"
EndProject
Project("{9A19103F-16F7-4668-BE54-9A1E7A4F7556}") = "Kudos.Crypters.Symmetrics", "Kudos.Crypters.Symmetrics\Kudos.Crypters.Symmetrics.csproj", "{D400C465-7BDA-4EDA-927A-46BB663B9E37}"
EndProject
Project("{9A19103F-16F7-4668-BE54-9A1E7A4F7556}") = "Kudos.Crypters.Hashes", "Kudos.Crypters.Hashes\Kudos.Crypters.Hashes.csproj", "{60F45213-5396-40F4-8CC9-4DA191C256A2}"
EndProject
Project("{9A19103F-16F7-4668-BE54-9A1E7A4F7556}") = "Kudos.Mails", "Kudos.Mails\Kudos.Mails.csproj", "{75FCE4BD-5EB9-4D0A-8E61-2819B2E85423}"
EndProject
Project("{9344BDBB-3E7F-41FC-A0DD-8665D75EE146}") = "Kudos.Web", "Kudos.Web\Kudos.Web.csproj", "{6B5ABCF1-5EEA-429E-A2FC-11E130583852}"
EndProject
Project("{9A19103F-16F7-4668-BE54-9A1E7A4F7556}") = "Kudos.Crypters.Hashes.MACs", "Kudos.Crypters.Hashes.MACs\Kudos.Crypters.Hashes.MACs.csproj", "{635A7926-261B-4203-917B-56E02E917193}"
EndProject
Project("{9A19103F-16F7-4668-BE54-9A1E7A4F7556}") = "Kudos.Databases.ORMs.UnitTest", "Kudos.Databases.ORMs.UnitTest\Kudos.Databases.ORMs.UnitTest.csproj", "{3EF2C77A-9EDF-45DD-AEE6-22775C0BBFD1}"
EndProject
Project("{9A19103F-16F7-4668-BE54-9A1E7A4F7556}") = "Kudos.Reflection", "Kudos.Reflection\Kudos.Reflection.csproj", "{F2D169F8-E665-4349-BA7F-BA4676C451B4}"
EndProject
Project("{9A19103F-16F7-4668-BE54-9A1E7A4F7556}") = "Kudos.Interfaces", "Kudos.Interfaces\Kudos.Interfaces.csproj", "{2D75F27F-DC32-48DF-8967-5580ED9B47AA}"
EndProject
Project("{9A19103F-16F7-4668-BE54-9A1E7A4F7556}") = "Kudos.Servers", "Kudos.Servers\Kudos.Servers.csproj", "{5C6E82F2-C610-43A8-8221-5AA1B2F4B567}"
EndProject
Global
	GlobalSection(SolutionConfigurationPlatforms) = preSolution
		Debug|Any CPU = Debug|Any CPU
		Release|Any CPU = Release|Any CPU
	EndGlobalSection
	GlobalSection(ProjectConfigurationPlatforms) = postSolution
		{0EE497F6-1B34-44A8-94E9-07C3452DA530}.Debug|Any CPU.ActiveCfg = Debug|Any CPU
		{0EE497F6-1B34-44A8-94E9-07C3452DA530}.Debug|Any CPU.Build.0 = Debug|Any CPU
		{0EE497F6-1B34-44A8-94E9-07C3452DA530}.Release|Any CPU.ActiveCfg = Release|Any CPU
		{0EE497F6-1B34-44A8-94E9-07C3452DA530}.Release|Any CPU.Build.0 = Release|Any CPU
		{A6D56F0B-D942-4740-9FCA-F5CF883A48BA}.Debug|Any CPU.ActiveCfg = Debug|Any CPU
		{A6D56F0B-D942-4740-9FCA-F5CF883A48BA}.Debug|Any CPU.Build.0 = Debug|Any CPU
		{A6D56F0B-D942-4740-9FCA-F5CF883A48BA}.Release|Any CPU.ActiveCfg = Release|Any CPU
		{A6D56F0B-D942-4740-9FCA-F5CF883A48BA}.Release|Any CPU.Build.0 = Release|Any CPU
		{6FF631E0-1296-42D5-8B7E-17E55EBCDA66}.Debug|Any CPU.ActiveCfg = Debug|Any CPU
		{6FF631E0-1296-42D5-8B7E-17E55EBCDA66}.Debug|Any CPU.Build.0 = Debug|Any CPU
		{6FF631E0-1296-42D5-8B7E-17E55EBCDA66}.Release|Any CPU.ActiveCfg = Release|Any CPU
		{6FF631E0-1296-42D5-8B7E-17E55EBCDA66}.Release|Any CPU.Build.0 = Release|Any CPU
		{2B9DDCB1-FCA0-4D11-9E2E-49048846B27E}.Debug|Any CPU.ActiveCfg = Debug|Any CPU
		{2B9DDCB1-FCA0-4D11-9E2E-49048846B27E}.Debug|Any CPU.Build.0 = Debug|Any CPU
		{2B9DDCB1-FCA0-4D11-9E2E-49048846B27E}.Release|Any CPU.ActiveCfg = Release|Any CPU
		{2B9DDCB1-FCA0-4D11-9E2E-49048846B27E}.Release|Any CPU.Build.0 = Release|Any CPU
		{C88213A3-04CE-461B-8F05-BADC36F73E64}.Debug|Any CPU.ActiveCfg = Debug|Any CPU
		{C88213A3-04CE-461B-8F05-BADC36F73E64}.Debug|Any CPU.Build.0 = Debug|Any CPU
		{C88213A3-04CE-461B-8F05-BADC36F73E64}.Release|Any CPU.ActiveCfg = Release|Any CPU
		{C88213A3-04CE-461B-8F05-BADC36F73E64}.Release|Any CPU.Build.0 = Release|Any CPU
		{E02D5931-DC08-4F42-9AA4-A37C345FF747}.Debug|Any CPU.ActiveCfg = Debug|Any CPU
		{E02D5931-DC08-4F42-9AA4-A37C345FF747}.Debug|Any CPU.Build.0 = Debug|Any CPU
		{E02D5931-DC08-4F42-9AA4-A37C345FF747}.Release|Any CPU.ActiveCfg = Release|Any CPU
		{E02D5931-DC08-4F42-9AA4-A37C345FF747}.Release|Any CPU.Build.0 = Release|Any CPU
		{DDD36FDF-DB89-4C85-AD34-F0CE97202332}.Debug|Any CPU.ActiveCfg = Debug|Any CPU
		{DDD36FDF-DB89-4C85-AD34-F0CE97202332}.Debug|Any CPU.Build.0 = Debug|Any CPU
		{DDD36FDF-DB89-4C85-AD34-F0CE97202332}.Release|Any CPU.ActiveCfg = Release|Any CPU
		{DDD36FDF-DB89-4C85-AD34-F0CE97202332}.Release|Any CPU.Build.0 = Release|Any CPU
		{4B28EAE0-F9A4-4026-A5AB-144F6E9DBEC9}.Debug|Any CPU.ActiveCfg = Debug|Any CPU
		{4B28EAE0-F9A4-4026-A5AB-144F6E9DBEC9}.Debug|Any CPU.Build.0 = Debug|Any CPU
		{4B28EAE0-F9A4-4026-A5AB-144F6E9DBEC9}.Release|Any CPU.ActiveCfg = Release|Any CPU
		{4B28EAE0-F9A4-4026-A5AB-144F6E9DBEC9}.Release|Any CPU.Build.0 = Release|Any CPU
		{D400C465-7BDA-4EDA-927A-46BB663B9E37}.Debug|Any CPU.ActiveCfg = Debug|Any CPU
		{D400C465-7BDA-4EDA-927A-46BB663B9E37}.Debug|Any CPU.Build.0 = Debug|Any CPU
		{D400C465-7BDA-4EDA-927A-46BB663B9E37}.Release|Any CPU.ActiveCfg = Release|Any CPU
		{D400C465-7BDA-4EDA-927A-46BB663B9E37}.Release|Any CPU.Build.0 = Release|Any CPU
		{60F45213-5396-40F4-8CC9-4DA191C256A2}.Debug|Any CPU.ActiveCfg = Debug|Any CPU
		{60F45213-5396-40F4-8CC9-4DA191C256A2}.Debug|Any CPU.Build.0 = Debug|Any CPU
		{60F45213-5396-40F4-8CC9-4DA191C256A2}.Release|Any CPU.ActiveCfg = Release|Any CPU
		{60F45213-5396-40F4-8CC9-4DA191C256A2}.Release|Any CPU.Build.0 = Release|Any CPU
		{75FCE4BD-5EB9-4D0A-8E61-2819B2E85423}.Debug|Any CPU.ActiveCfg = Debug|Any CPU
		{75FCE4BD-5EB9-4D0A-8E61-2819B2E85423}.Debug|Any CPU.Build.0 = Debug|Any CPU
		{75FCE4BD-5EB9-4D0A-8E61-2819B2E85423}.Release|Any CPU.ActiveCfg = Release|Any CPU
		{75FCE4BD-5EB9-4D0A-8E61-2819B2E85423}.Release|Any CPU.Build.0 = Release|Any CPU
		{6B5ABCF1-5EEA-429E-A2FC-11E130583852}.Debug|Any CPU.ActiveCfg = Debug|Any CPU
		{6B5ABCF1-5EEA-429E-A2FC-11E130583852}.Debug|Any CPU.Build.0 = Debug|Any CPU
		{6B5ABCF1-5EEA-429E-A2FC-11E130583852}.Release|Any CPU.ActiveCfg = Release|Any CPU
		{6B5ABCF1-5EEA-429E-A2FC-11E130583852}.Release|Any CPU.Build.0 = Release|Any CPU
		{635A7926-261B-4203-917B-56E02E917193}.Debug|Any CPU.ActiveCfg = Debug|Any CPU
		{635A7926-261B-4203-917B-56E02E917193}.Debug|Any CPU.Build.0 = Debug|Any CPU
		{635A7926-261B-4203-917B-56E02E917193}.Release|Any CPU.ActiveCfg = Release|Any CPU
		{635A7926-261B-4203-917B-56E02E917193}.Release|Any CPU.Build.0 = Release|Any CPU
		{3EF2C77A-9EDF-45DD-AEE6-22775C0BBFD1}.Debug|Any CPU.ActiveCfg = Debug|Any CPU
		{3EF2C77A-9EDF-45DD-AEE6-22775C0BBFD1}.Debug|Any CPU.Build.0 = Debug|Any CPU
		{3EF2C77A-9EDF-45DD-AEE6-22775C0BBFD1}.Release|Any CPU.ActiveCfg = Release|Any CPU
		{3EF2C77A-9EDF-45DD-AEE6-22775C0BBFD1}.Release|Any CPU.Build.0 = Release|Any CPU
		{F2D169F8-E665-4349-BA7F-BA4676C451B4}.Debug|Any CPU.ActiveCfg = Debug|Any CPU
		{F2D169F8-E665-4349-BA7F-BA4676C451B4}.Debug|Any CPU.Build.0 = Debug|Any CPU
		{F2D169F8-E665-4349-BA7F-BA4676C451B4}.Release|Any CPU.ActiveCfg = Release|Any CPU
		{F2D169F8-E665-4349-BA7F-BA4676C451B4}.Release|Any CPU.Build.0 = Release|Any CPU
		{2D75F27F-DC32-48DF-8967-5580ED9B47AA}.Debug|Any CPU.ActiveCfg = Debug|Any CPU
		{2D75F27F-DC32-48DF-8967-5580ED9B47AA}.Debug|Any CPU.Build.0 = Debug|Any CPU
		{2D75F27F-DC32-48DF-8967-5580ED9B47AA}.Release|Any CPU.ActiveCfg = Release|Any CPU
		{2D75F27F-DC32-48DF-8967-5580ED9B47AA}.Release|Any CPU.Build.0 = Release|Any CPU
		{5C6E82F2-C610-43A8-8221-5AA1B2F4B567}.Debug|Any CPU.ActiveCfg = Debug|Any CPU
		{5C6E82F2-C610-43A8-8221-5AA1B2F4B567}.Debug|Any CPU.Build.0 = Debug|Any CPU
		{5C6E82F2-C610-43A8-8221-5AA1B2F4B567}.Release|Any CPU.ActiveCfg = Release|Any CPU
		{5C6E82F2-C610-43A8-8221-5AA1B2F4B567}.Release|Any CPU.Build.0 = Release|Any CPU
	EndGlobalSection
	GlobalSection(SolutionProperties) = preSolution
		HideSolutionNode = FALSE
	EndGlobalSection
	GlobalSection(ExtensibilityGlobals) = postSolution
		SolutionGuid = {97A120C1-3855-4C28-95B2-1CDC0F557E7D}
	EndGlobalSection
EndGlobal
