
Microsoft Visual Studio Solution File, Format Version 12.00
# Visual Studio Version 17
VisualStudioVersion = 17.4.33213.308
MinimumVisualStudioVersion = 10.0.40219.1
Project("{9A19103F-16F7-4668-BE54-9A1E7A4F7556}") = "Kudos", "Kudos\Kudos.csproj", "{0EE497F6-1B34-44A8-94E9-07C3452DA530}"
EndProject
Project("{9A19103F-16F7-4668-BE54-9A1E7A4F7556}") = "Kudos.Databases", "Kudos.Databases\Kudos.Databases.csproj", "{A6D56F0B-D942-4740-9FCA-F5CF883A48BA}"
EndProject
Project("{9A19103F-16F7-4668-BE54-9A1E7A4F7556}") = "Kudos.Servers", "Kudos.Servers\Kudos.Servers.csproj", "{5C6E82F2-C610-43A8-8221-5AA1B2F4B567}"
EndProject
Project("{FAE04EC0-301F-11D3-BF4B-00C04F79EFBC}") = "Kudos.Databases.ORMs", "Kudos.Databases.ORMs\Kudos.Databases.ORMs.csproj", "{F53B514F-5A79-4069-8BF0-6F16AAFB281F}"
EndProject
Project("{FAE04EC0-301F-11D3-BF4B-00C04F79EFBC}") = "Kudos.Validations", "Kudos.Validations\Kudos.Validations.csproj", "{0E9D8DFC-6AF9-48F4-9F4C-6786DC1673FC}"
EndProject
Project("{FAE04EC0-301F-11D3-BF4B-00C04F79EFBC}") = "Kudos.Crypters", "Kudos.Crypters\Kudos.Crypters.csproj", "{8334C561-F19E-4498-B24E-40F6A399A158}"
EndProject
Project("{9344BDBB-3E7F-41FC-A0DD-8665D75EE146}") = "Kudos.Crypters.Symmetrics", "Kudos.Crypters.Symmetrics\Kudos.Crypters.Symmetrics.csproj", "{6485F704-44AA-4125-B7FA-E09EE571E1E1}"
EndProject
Project("{9344BDBB-3E7F-41FC-A0DD-8665D75EE146}") = "Kudos.Mails", "Kudos.Mails\Kudos.Mails.csproj", "{800D0A46-2E70-44F0-8B57-07A15638BC21}"
EndProject
Project("{9344BDBB-3E7F-41FC-A0DD-8665D75EE146}") = "Kudos.Web", "Kudos.Web\Kudos.Web.csproj", "{4D203F81-4506-4429-80F5-642EA6212C30}"
EndProject
Project("{9344BDBB-3E7F-41FC-A0DD-8665D75EE146}") = "Kudos.Crypters.Hashes.MACs", "Kudos.Crypters.Hashes.MACs\Kudos.Crypters.Hashes.MACs.csproj", "{6B955340-5D9C-4EDC-9940-2E9530CB84E3}"
EndProject
Project("{9344BDBB-3E7F-41FC-A0DD-8665D75EE146}") = "Kudos.Databases.ORMs.UnitTest", "Kudos.Databases.ORMs.UnitTest\Kudos.Databases.ORMs.UnitTest.csproj", "{F4A3DA3B-5A27-4D23-8071-4EF523F793F0}"
EndProject
Project("{9344BDBB-3E7F-41FC-A0DD-8665D75EE146}") = "Kudos.Extensions", "Kudos.Extensions\Kudos.Extensions.csproj", "{39EFFD27-FBAF-4F1C-A9A7-DC560C012A45}"
EndProject
Project("{9344BDBB-3E7F-41FC-A0DD-8665D75EE146}") = "Kudos.Extensions.UnitTest", "Kudos.Extensions.UnitTest\Kudos.Extensions.UnitTest.csproj", "{C0BE32CD-AE32-4139-A68F-5DE8A4909B7B}"
EndProject
Project("{9344BDBB-3E7F-41FC-A0DD-8665D75EE146}") = "Kudos.Validations.UnitTests", "Kudos.Validations.UnitTests\Kudos.Validations.UnitTests.csproj", "{C12F30DE-404A-4AF7-A776-0A0BEB31FF26}"
EndProject
Global
	GlobalSection(SolutionConfigurationPlatforms) = preSolution
		Debug|Any CPU = Debug|Any CPU
		Release|Any CPU = Release|Any CPU
	EndGlobalSection
	GlobalSection(ProjectConfigurationPlatforms) = postSolution
		{0EE497F6-1B34-44A8-94E9-07C3452DA530}.Debug|Any CPU.ActiveCfg = Debug|Any CPU
		{0EE497F6-1B34-44A8-94E9-07C3452DA530}.Debug|Any CPU.Build.0 = Debug|Any CPU
		{0EE497F6-1B34-44A8-94E9-07C3452DA530}.Release|Any CPU.ActiveCfg = Release|Any CPU
		{0EE497F6-1B34-44A8-94E9-07C3452DA530}.Release|Any CPU.Build.0 = Release|Any CPU
		{A6D56F0B-D942-4740-9FCA-F5CF883A48BA}.Debug|Any CPU.ActiveCfg = Debug|Any CPU
		{A6D56F0B-D942-4740-9FCA-F5CF883A48BA}.Debug|Any CPU.Build.0 = Debug|Any CPU
		{A6D56F0B-D942-4740-9FCA-F5CF883A48BA}.Release|Any CPU.ActiveCfg = Release|Any CPU
		{A6D56F0B-D942-4740-9FCA-F5CF883A48BA}.Release|Any CPU.Build.0 = Release|Any CPU
		{5C6E82F2-C610-43A8-8221-5AA1B2F4B567}.Debug|Any CPU.ActiveCfg = Debug|Any CPU
		{5C6E82F2-C610-43A8-8221-5AA1B2F4B567}.Debug|Any CPU.Build.0 = Debug|Any CPU
		{5C6E82F2-C610-43A8-8221-5AA1B2F4B567}.Release|Any CPU.ActiveCfg = Release|Any CPU
		{5C6E82F2-C610-43A8-8221-5AA1B2F4B567}.Release|Any CPU.Build.0 = Release|Any CPU
		{F53B514F-5A79-4069-8BF0-6F16AAFB281F}.Debug|Any CPU.ActiveCfg = Debug|Any CPU
		{F53B514F-5A79-4069-8BF0-6F16AAFB281F}.Debug|Any CPU.Build.0 = Debug|Any CPU
		{F53B514F-5A79-4069-8BF0-6F16AAFB281F}.Release|Any CPU.ActiveCfg = Release|Any CPU
		{F53B514F-5A79-4069-8BF0-6F16AAFB281F}.Release|Any CPU.Build.0 = Release|Any CPU
		{0E9D8DFC-6AF9-48F4-9F4C-6786DC1673FC}.Debug|Any CPU.ActiveCfg = Debug|Any CPU
		{0E9D8DFC-6AF9-48F4-9F4C-6786DC1673FC}.Debug|Any CPU.Build.0 = Debug|Any CPU
		{0E9D8DFC-6AF9-48F4-9F4C-6786DC1673FC}.Release|Any CPU.ActiveCfg = Release|Any CPU
		{0E9D8DFC-6AF9-48F4-9F4C-6786DC1673FC}.Release|Any CPU.Build.0 = Release|Any CPU
		{8334C561-F19E-4498-B24E-40F6A399A158}.Debug|Any CPU.ActiveCfg = Debug|Any CPU
		{8334C561-F19E-4498-B24E-40F6A399A158}.Debug|Any CPU.Build.0 = Debug|Any CPU
		{8334C561-F19E-4498-B24E-40F6A399A158}.Release|Any CPU.ActiveCfg = Release|Any CPU
		{8334C561-F19E-4498-B24E-40F6A399A158}.Release|Any CPU.Build.0 = Release|Any CPU
		{6485F704-44AA-4125-B7FA-E09EE571E1E1}.Debug|Any CPU.ActiveCfg = Debug|Any CPU
		{6485F704-44AA-4125-B7FA-E09EE571E1E1}.Debug|Any CPU.Build.0 = Debug|Any CPU
		{6485F704-44AA-4125-B7FA-E09EE571E1E1}.Release|Any CPU.ActiveCfg = Release|Any CPU
		{6485F704-44AA-4125-B7FA-E09EE571E1E1}.Release|Any CPU.Build.0 = Release|Any CPU
		{800D0A46-2E70-44F0-8B57-07A15638BC21}.Debug|Any CPU.ActiveCfg = Debug|Any CPU
		{800D0A46-2E70-44F0-8B57-07A15638BC21}.Debug|Any CPU.Build.0 = Debug|Any CPU
		{800D0A46-2E70-44F0-8B57-07A15638BC21}.Release|Any CPU.ActiveCfg = Release|Any CPU
		{800D0A46-2E70-44F0-8B57-07A15638BC21}.Release|Any CPU.Build.0 = Release|Any CPU
		{4D203F81-4506-4429-80F5-642EA6212C30}.Debug|Any CPU.ActiveCfg = Debug|Any CPU
		{4D203F81-4506-4429-80F5-642EA6212C30}.Debug|Any CPU.Build.0 = Debug|Any CPU
		{4D203F81-4506-4429-80F5-642EA6212C30}.Release|Any CPU.ActiveCfg = Release|Any CPU
		{4D203F81-4506-4429-80F5-642EA6212C30}.Release|Any CPU.Build.0 = Release|Any CPU
		{6B955340-5D9C-4EDC-9940-2E9530CB84E3}.Debug|Any CPU.ActiveCfg = Debug|Any CPU
		{6B955340-5D9C-4EDC-9940-2E9530CB84E3}.Debug|Any CPU.Build.0 = Debug|Any CPU
		{6B955340-5D9C-4EDC-9940-2E9530CB84E3}.Release|Any CPU.ActiveCfg = Release|Any CPU
		{6B955340-5D9C-4EDC-9940-2E9530CB84E3}.Release|Any CPU.Build.0 = Release|Any CPU
		{F4A3DA3B-5A27-4D23-8071-4EF523F793F0}.Debug|Any CPU.ActiveCfg = Debug|Any CPU
		{F4A3DA3B-5A27-4D23-8071-4EF523F793F0}.Debug|Any CPU.Build.0 = Debug|Any CPU
		{F4A3DA3B-5A27-4D23-8071-4EF523F793F0}.Release|Any CPU.ActiveCfg = Release|Any CPU
		{F4A3DA3B-5A27-4D23-8071-4EF523F793F0}.Release|Any CPU.Build.0 = Release|Any CPU
		{39EFFD27-FBAF-4F1C-A9A7-DC560C012A45}.Debug|Any CPU.ActiveCfg = Debug|Any CPU
		{39EFFD27-FBAF-4F1C-A9A7-DC560C012A45}.Debug|Any CPU.Build.0 = Debug|Any CPU
		{39EFFD27-FBAF-4F1C-A9A7-DC560C012A45}.Release|Any CPU.ActiveCfg = Release|Any CPU
		{39EFFD27-FBAF-4F1C-A9A7-DC560C012A45}.Release|Any CPU.Build.0 = Release|Any CPU
		{C0BE32CD-AE32-4139-A68F-5DE8A4909B7B}.Debug|Any CPU.ActiveCfg = Debug|Any CPU
		{C0BE32CD-AE32-4139-A68F-5DE8A4909B7B}.Debug|Any CPU.Build.0 = Debug|Any CPU
		{C0BE32CD-AE32-4139-A68F-5DE8A4909B7B}.Release|Any CPU.ActiveCfg = Release|Any CPU
		{C0BE32CD-AE32-4139-A68F-5DE8A4909B7B}.Release|Any CPU.Build.0 = Release|Any CPU
		{C12F30DE-404A-4AF7-A776-0A0BEB31FF26}.Debug|Any CPU.ActiveCfg = Debug|Any CPU
		{C12F30DE-404A-4AF7-A776-0A0BEB31FF26}.Debug|Any CPU.Build.0 = Debug|Any CPU
		{C12F30DE-404A-4AF7-A776-0A0BEB31FF26}.Release|Any CPU.ActiveCfg = Release|Any CPU
		{C12F30DE-404A-4AF7-A776-0A0BEB31FF26}.Release|Any CPU.Build.0 = Release|Any CPU
	EndGlobalSection
	GlobalSection(SolutionProperties) = preSolution
		HideSolutionNode = FALSE
	EndGlobalSection
	GlobalSection(ExtensibilityGlobals) = postSolution
		SolutionGuid = {97A120C1-3855-4C28-95B2-1CDC0F557E7D}
	EndGlobalSection
EndGlobal
